
Microsoft Visual Studio Solution File, Format Version 12.00
# Visual Studio Version 17
VisualStudioVersion = 17.9.34723.18
MinimumVisualStudioVersion = 10.0.40219.1
Project("{9A19103F-16F7-4668-BE54-9A1E7A4F7556}") = "TimeReflector", "TimeReflector.csproj", "{1611BD8C-C0E2-4A10-AEAF-2940A34288CA}"
EndProject
Project("{2150E333-8FDC-42A3-9474-1A3956D46DE8}") = "SolutionItems", "SolutionItems", "{A89DAE07-E16B-455D-997E-27838C5EB64F}"
	ProjectSection(SolutionItems) = preProject
		.gitignore = .gitignore
	EndProjectSection
EndProject
Project("{2150E333-8FDC-42A3-9474-1A3956D46DE8}") = "src", "src", "{C828B6B3-387E-4205-B5D6-7567F85B8AF4}"
EndProject
Global
	GlobalSection(SolutionConfigurationPlatforms) = preSolution
		Debug|Any CPU = Debug|Any CPU
		Release|Any CPU = Release|Any CPU
	EndGlobalSection
	GlobalSection(ProjectConfigurationPlatforms) = postSolution
		{1611BD8C-C0E2-4A10-AEAF-2940A34288CA}.Debug|Any CPU.ActiveCfg = Debug|Any CPU
		{1611BD8C-C0E2-4A10-AEAF-2940A34288CA}.Debug|Any CPU.Build.0 = Debug|Any CPU
		{1611BD8C-C0E2-4A10-AEAF-2940A34288CA}.Release|Any CPU.ActiveCfg = Release|Any CPU
		{1611BD8C-C0E2-4A10-AEAF-2940A34288CA}.Release|Any CPU.Build.0 = Release|Any CPU
	EndGlobalSection
	GlobalSection(SolutionProperties) = preSolution
		HideSolutionNode = FALSE
	EndGlobalSection
	GlobalSection(NestedProjects) = preSolution
		{1611BD8C-C0E2-4A10-AEAF-2940A34288CA} = {C828B6B3-387E-4205-B5D6-7567F85B8AF4}
	EndGlobalSection
	GlobalSection(ExtensibilityGlobals) = postSolution
		SolutionGuid = {F7319EFF-110D-40EA-B92C-297EBACB02EB}
	EndGlobalSection
EndGlobal
